{
  "name": "htmltopdf-weasyprint",
  "version": "1.0.3",
  "lockfileVersion": 3,
  "requires": true,
  "packages": {
    "": {
      "name": "htmltopdf-weasyprint",
      "version": "1.0.3",
      "license": "ISC",
      "dependencies": {
        "slang": "^0.3.0"
      }
    },
    "node_modules/slang": {
      "version": "0.3.0",
      "resolved": "https://registry.npmjs.org/slang/-/slang-0.3.0.tgz",
      "integrity": "sha512-kGj3TvxSDR1Enhig/aan5ucfWNDULTiWg3NrExUzO2ShXcYsm6k2oPxnav8GtslYvozxRAqL+E2O3P3QKtQYSg=="
    }
  }
}
